{
  "name": "tauri-axum-htmx",
  "version": "1.0.0",
  "lockfileVersion": 3,
  "requires": true,
  "packages": {
    "": {
      "name": "tauri-axum-htmx",
      "version": "1.0.0",
      "hasInstallScript": true,
      "license": "MIT",
      "dependencies": {
        "xhr-fetch-proxy": "^1.0.0"
      }
    },
    "node_modules/xhr-fetch-proxy": {
      "version": "1.0.0",
      "resolved": "https://registry.npmjs.org/xhr-fetch-proxy/-/xhr-fetch-proxy-1.0.0.tgz",
      "integrity": "sha512-Ebd7P6Th+YDytkyUerwzGUUE9RdZL67MUPoFCsUTLIOCsrxR5QR9uLgIognDbpuo2UC1a79TFeBhK9WZheQvBw==",
      "license": "MIT",
      "engines": {
        "node": ">=22.0.0"
      }
    }
  }
}
